
Microsoft Visual Studio Solution File, Format Version 12.00
# Visual Studio Version 17
VisualStudioVersion = 17.0.31903.59
MinimumVisualStudioVersion = 10.0.40219.1
Project("{2150E333-8FDC-42A3-9474-1A3956D46DE8}") = "src", "src", "{BE64A451-BBD9-44E3-959F-A251285D22EC}"
EndProject
Project("{F2A71F9B-5D33-465A-A702-920D77279786}") = "Slapen.Domain", "src\Slapen.Domain\Slapen.Domain.fsproj", "{D7D5A667-C8EB-4F7D-A006-F1356363DD62}"
EndProject
Project("{F2A71F9B-5D33-465A-A702-920D77279786}") = "Slapen.Data", "src\Slapen.Data\Slapen.Data.fsproj", "{4BB3599E-79D6-4C6C-8F98-B457BE04365F}"
EndProject
Project("{F2A71F9B-5D33-465A-A702-920D77279786}") = "Slapen.Tenants", "src\Slapen.Tenants\Slapen.Tenants.fsproj", "{5592C702-3946-46E0-AFD4-83470D6BAB6F}"
EndProject
Project("{F2A71F9B-5D33-465A-A702-920D77279786}") = "Slapen.Audit", "src\Slapen.Audit\Slapen.Audit.fsproj", "{791B2F38-994A-4F4E-B0F5-D88586836D2D}"
EndProject
Project("{F2A71F9B-5D33-465A-A702-920D77279786}") = "Slapen.Application", "src\Slapen.Application\Slapen.Application.fsproj", "{F5B54DB7-E03E-424F-B1A6-082552DB80FD}"
EndProject
Project("{2150E333-8FDC-42A3-9474-1A3956D46DE8}") = "tests", "tests", "{EED09F45-3BB4-4F57-B8C9-0FAA216D7C00}"
EndProject
Project("{F2A71F9B-5D33-465A-A702-920D77279786}") = "Slapen.Domain.Tests", "tests\Slapen.Domain.Tests\Slapen.Domain.Tests.fsproj", "{95835E6C-5829-4CBE-B67E-0D155CBDF1CA}"
EndProject
Project("{F2A71F9B-5D33-465A-A702-920D77279786}") = "Slapen.Data.Tests", "tests\Slapen.Data.Tests\Slapen.Data.Tests.fsproj", "{D9D22F94-5A5F-4432-B02E-CDCFFE64B5FE}"
EndProject
Project("{F2A71F9B-5D33-465A-A702-920D77279786}") = "Slapen.Application.Tests", "tests\Slapen.Application.Tests\Slapen.Application.Tests.fsproj", "{EC70824A-9CC2-4592-ADFA-CE53EE07E072}"
EndProject
Project("{2150E333-8FDC-42A3-9474-1A3956D46DE8}") = "db", "db", "{275A1DD7-16E2-4160-839F-23D92B9687BD}"
EndProject
Project("{F2A71F9B-5D33-465A-A702-920D77279786}") = "Slapen.DbMigrate", "db\Migrate\Slapen.DbMigrate.fsproj", "{FF185D2E-CEB1-404C-A348-A3C542CFF4F6}"
EndProject
Project("{F2A71F9B-5D33-465A-A702-920D77279786}") = "Slapen.Api", "src\Slapen.Api\Slapen.Api.fsproj", "{121D35DD-1C34-4DC3-81B4-4045AD72DD14}"
EndProject
Project("{F2A71F9B-5D33-465A-A702-920D77279786}") = "Slapen.Setup", "src\Slapen.Setup\Slapen.Setup.fsproj", "{15A26F50-BD21-421B-983C-45CB4335F847}"
EndProject
Project("{F2A71F9B-5D33-465A-A702-920D77279786}") = "Slapen.Api.Tests", "tests\Slapen.Api.Tests\Slapen.Api.Tests.fsproj", "{026B6577-6845-4638-BBC8-B9E6FF853EA9}"
EndProject
Global
	GlobalSection(SolutionConfigurationPlatforms) = preSolution
		Debug|Any CPU = Debug|Any CPU
		Release|Any CPU = Release|Any CPU
	EndGlobalSection
	GlobalSection(SolutionProperties) = preSolution
		HideSolutionNode = FALSE
	EndGlobalSection
	GlobalSection(ProjectConfigurationPlatforms) = postSolution
		{D7D5A667-C8EB-4F7D-A006-F1356363DD62}.Debug|Any CPU.ActiveCfg = Debug|Any CPU
		{D7D5A667-C8EB-4F7D-A006-F1356363DD62}.Debug|Any CPU.Build.0 = Debug|Any CPU
		{D7D5A667-C8EB-4F7D-A006-F1356363DD62}.Release|Any CPU.ActiveCfg = Release|Any CPU
		{D7D5A667-C8EB-4F7D-A006-F1356363DD62}.Release|Any CPU.Build.0 = Release|Any CPU
		{4BB3599E-79D6-4C6C-8F98-B457BE04365F}.Debug|Any CPU.ActiveCfg = Debug|Any CPU
		{4BB3599E-79D6-4C6C-8F98-B457BE04365F}.Debug|Any CPU.Build.0 = Debug|Any CPU
		{4BB3599E-79D6-4C6C-8F98-B457BE04365F}.Release|Any CPU.ActiveCfg = Release|Any CPU
		{4BB3599E-79D6-4C6C-8F98-B457BE04365F}.Release|Any CPU.Build.0 = Release|Any CPU
		{5592C702-3946-46E0-AFD4-83470D6BAB6F}.Debug|Any CPU.ActiveCfg = Debug|Any CPU
		{5592C702-3946-46E0-AFD4-83470D6BAB6F}.Debug|Any CPU.Build.0 = Debug|Any CPU
		{5592C702-3946-46E0-AFD4-83470D6BAB6F}.Release|Any CPU.ActiveCfg = Release|Any CPU
		{5592C702-3946-46E0-AFD4-83470D6BAB6F}.Release|Any CPU.Build.0 = Release|Any CPU
		{791B2F38-994A-4F4E-B0F5-D88586836D2D}.Debug|Any CPU.ActiveCfg = Debug|Any CPU
		{791B2F38-994A-4F4E-B0F5-D88586836D2D}.Debug|Any CPU.Build.0 = Debug|Any CPU
		{791B2F38-994A-4F4E-B0F5-D88586836D2D}.Release|Any CPU.ActiveCfg = Release|Any CPU
		{791B2F38-994A-4F4E-B0F5-D88586836D2D}.Release|Any CPU.Build.0 = Release|Any CPU
		{F5B54DB7-E03E-424F-B1A6-082552DB80FD}.Debug|Any CPU.ActiveCfg = Debug|Any CPU
		{F5B54DB7-E03E-424F-B1A6-082552DB80FD}.Debug|Any CPU.Build.0 = Debug|Any CPU
		{F5B54DB7-E03E-424F-B1A6-082552DB80FD}.Release|Any CPU.ActiveCfg = Release|Any CPU
		{F5B54DB7-E03E-424F-B1A6-082552DB80FD}.Release|Any CPU.Build.0 = Release|Any CPU
		{95835E6C-5829-4CBE-B67E-0D155CBDF1CA}.Debug|Any CPU.ActiveCfg = Debug|Any CPU
		{95835E6C-5829-4CBE-B67E-0D155CBDF1CA}.Debug|Any CPU.Build.0 = Debug|Any CPU
		{95835E6C-5829-4CBE-B67E-0D155CBDF1CA}.Release|Any CPU.ActiveCfg = Release|Any CPU
		{95835E6C-5829-4CBE-B67E-0D155CBDF1CA}.Release|Any CPU.Build.0 = Release|Any CPU
		{D9D22F94-5A5F-4432-B02E-CDCFFE64B5FE}.Debug|Any CPU.ActiveCfg = Debug|Any CPU
		{D9D22F94-5A5F-4432-B02E-CDCFFE64B5FE}.Debug|Any CPU.Build.0 = Debug|Any CPU
		{D9D22F94-5A5F-4432-B02E-CDCFFE64B5FE}.Release|Any CPU.ActiveCfg = Release|Any CPU
		{D9D22F94-5A5F-4432-B02E-CDCFFE64B5FE}.Release|Any CPU.Build.0 = Release|Any CPU
		{EC70824A-9CC2-4592-ADFA-CE53EE07E072}.Debug|Any CPU.ActiveCfg = Debug|Any CPU
		{EC70824A-9CC2-4592-ADFA-CE53EE07E072}.Debug|Any CPU.Build.0 = Debug|Any CPU
		{EC70824A-9CC2-4592-ADFA-CE53EE07E072}.Release|Any CPU.ActiveCfg = Release|Any CPU
		{EC70824A-9CC2-4592-ADFA-CE53EE07E072}.Release|Any CPU.Build.0 = Release|Any CPU
		{FF185D2E-CEB1-404C-A348-A3C542CFF4F6}.Debug|Any CPU.ActiveCfg = Debug|Any CPU
		{FF185D2E-CEB1-404C-A348-A3C542CFF4F6}.Debug|Any CPU.Build.0 = Debug|Any CPU
		{FF185D2E-CEB1-404C-A348-A3C542CFF4F6}.Release|Any CPU.ActiveCfg = Release|Any CPU
		{FF185D2E-CEB1-404C-A348-A3C542CFF4F6}.Release|Any CPU.Build.0 = Release|Any CPU
		{121D35DD-1C34-4DC3-81B4-4045AD72DD14}.Debug|Any CPU.ActiveCfg = Debug|Any CPU
		{121D35DD-1C34-4DC3-81B4-4045AD72DD14}.Debug|Any CPU.Build.0 = Debug|Any CPU
		{121D35DD-1C34-4DC3-81B4-4045AD72DD14}.Release|Any CPU.ActiveCfg = Release|Any CPU
		{121D35DD-1C34-4DC3-81B4-4045AD72DD14}.Release|Any CPU.Build.0 = Release|Any CPU
		{15A26F50-BD21-421B-983C-45CB4335F847}.Debug|Any CPU.ActiveCfg = Debug|Any CPU
		{15A26F50-BD21-421B-983C-45CB4335F847}.Debug|Any CPU.Build.0 = Debug|Any CPU
		{15A26F50-BD21-421B-983C-45CB4335F847}.Release|Any CPU.ActiveCfg = Release|Any CPU
		{15A26F50-BD21-421B-983C-45CB4335F847}.Release|Any CPU.Build.0 = Release|Any CPU
		{026B6577-6845-4638-BBC8-B9E6FF853EA9}.Debug|Any CPU.ActiveCfg = Debug|Any CPU
		{026B6577-6845-4638-BBC8-B9E6FF853EA9}.Debug|Any CPU.Build.0 = Debug|Any CPU
		{026B6577-6845-4638-BBC8-B9E6FF853EA9}.Release|Any CPU.ActiveCfg = Release|Any CPU
		{026B6577-6845-4638-BBC8-B9E6FF853EA9}.Release|Any CPU.Build.0 = Release|Any CPU
	EndGlobalSection
	GlobalSection(NestedProjects) = preSolution
		{D7D5A667-C8EB-4F7D-A006-F1356363DD62} = {BE64A451-BBD9-44E3-959F-A251285D22EC}
		{4BB3599E-79D6-4C6C-8F98-B457BE04365F} = {BE64A451-BBD9-44E3-959F-A251285D22EC}
		{5592C702-3946-46E0-AFD4-83470D6BAB6F} = {BE64A451-BBD9-44E3-959F-A251285D22EC}
		{791B2F38-994A-4F4E-B0F5-D88586836D2D} = {BE64A451-BBD9-44E3-959F-A251285D22EC}
		{F5B54DB7-E03E-424F-B1A6-082552DB80FD} = {BE64A451-BBD9-44E3-959F-A251285D22EC}
		{95835E6C-5829-4CBE-B67E-0D155CBDF1CA} = {EED09F45-3BB4-4F57-B8C9-0FAA216D7C00}
		{D9D22F94-5A5F-4432-B02E-CDCFFE64B5FE} = {EED09F45-3BB4-4F57-B8C9-0FAA216D7C00}
		{EC70824A-9CC2-4592-ADFA-CE53EE07E072} = {EED09F45-3BB4-4F57-B8C9-0FAA216D7C00}
		{FF185D2E-CEB1-404C-A348-A3C542CFF4F6} = {275A1DD7-16E2-4160-839F-23D92B9687BD}
		{121D35DD-1C34-4DC3-81B4-4045AD72DD14} = {BE64A451-BBD9-44E3-959F-A251285D22EC}
		{15A26F50-BD21-421B-983C-45CB4335F847} = {BE64A451-BBD9-44E3-959F-A251285D22EC}
		{026B6577-6845-4638-BBC8-B9E6FF853EA9} = {EED09F45-3BB4-4F57-B8C9-0FAA216D7C00}
	EndGlobalSection
EndGlobal
